
Microsoft Visual Studio Solution File, Format Version 12.00
# Visual Studio Version 16
VisualStudioVersion = 16.0.30611.23
MinimumVisualStudioVersion = 10.0.40219.1
Project("{9A19103F-16F7-4668-BE54-9A1E7A4F7556}") = "BoxOfT", "Generics\BoxOfT.csproj", "{03EF1AF6-11D4-4AA1-8C78-44FAAFDB3320}"
EndProject
Project("{9A19103F-16F7-4668-BE54-9A1E7A4F7556}") = "GenericArrayCreator", "GenericArrayCreator\GenericArrayCreator.csproj", "{BFEB24BC-C71E-4EC8-93CE-05D327CD5E16}"
EndProject
Project("{9A19103F-16F7-4668-BE54-9A1E7A4F7556}") = "GenericScale", "GenericScale\GenericScale.csproj", "{7F44B0BD-5593-445C-ABA2-AE38F91FCAEF}"
EndProject
Project("{FAE04EC0-301F-11D3-BF4B-00C04F79EFBC}") = "GenericBoxOfString", "GenericBoxOfString\GenericBoxOfString.csproj", "{3B278831-E724-4E09-9AF7-41EEC44D6DB6}"
EndProject
Project("{FAE04EC0-301F-11D3-BF4B-00C04F79EFBC}") = "GenericSwapMethodStrings", "GenericSwapMethodStrings\GenericSwapMethodStrings.csproj", "{83C7ACAD-4792-46A5-88EE-C1D3575E7E32}"
EndProject
Global
	GlobalSection(SolutionConfigurationPlatforms) = preSolution
		Debug|Any CPU = Debug|Any CPU
		Release|Any CPU = Release|Any CPU
	EndGlobalSection
	GlobalSection(ProjectConfigurationPlatforms) = postSolution
		{03EF1AF6-11D4-4AA1-8C78-44FAAFDB3320}.Debug|Any CPU.ActiveCfg = Debug|Any CPU
		{03EF1AF6-11D4-4AA1-8C78-44FAAFDB3320}.Debug|Any CPU.Build.0 = Debug|Any CPU
		{03EF1AF6-11D4-4AA1-8C78-44FAAFDB3320}.Release|Any CPU.ActiveCfg = Release|Any CPU
		{03EF1AF6-11D4-4AA1-8C78-44FAAFDB3320}.Release|Any CPU.Build.0 = Release|Any CPU
		{BFEB24BC-C71E-4EC8-93CE-05D327CD5E16}.Debug|Any CPU.ActiveCfg = Debug|Any CPU
		{BFEB24BC-C71E-4EC8-93CE-05D327CD5E16}.Debug|Any CPU.Build.0 = Debug|Any CPU
		{BFEB24BC-C71E-4EC8-93CE-05D327CD5E16}.Release|Any CPU.ActiveCfg = Release|Any CPU
		{BFEB24BC-C71E-4EC8-93CE-05D327CD5E16}.Release|Any CPU.Build.0 = Release|Any CPU
		{7F44B0BD-5593-445C-ABA2-AE38F91FCAEF}.Debug|Any CPU.ActiveCfg = Debug|Any CPU
		{7F44B0BD-5593-445C-ABA2-AE38F91FCAEF}.Debug|Any CPU.Build.0 = Debug|Any CPU
		{7F44B0BD-5593-445C-ABA2-AE38F91FCAEF}.Release|Any CPU.ActiveCfg = Release|Any CPU
		{7F44B0BD-5593-445C-ABA2-AE38F91FCAEF}.Release|Any CPU.Build.0 = Release|Any CPU
		{3B278831-E724-4E09-9AF7-41EEC44D6DB6}.Debug|Any CPU.ActiveCfg = Debug|Any CPU
		{3B278831-E724-4E09-9AF7-41EEC44D6DB6}.Debug|Any CPU.Build.0 = Debug|Any CPU
		{3B278831-E724-4E09-9AF7-41EEC44D6DB6}.Release|Any CPU.ActiveCfg = Release|Any CPU
		{3B278831-E724-4E09-9AF7-41EEC44D6DB6}.Release|Any CPU.Build.0 = Release|Any CPU
		{83C7ACAD-4792-46A5-88EE-C1D3575E7E32}.Debug|Any CPU.ActiveCfg = Debug|Any CPU
		{83C7ACAD-4792-46A5-88EE-C1D3575E7E32}.Debug|Any CPU.Build.0 = Debug|Any CPU
		{83C7ACAD-4792-46A5-88EE-C1D3575E7E32}.Release|Any CPU.ActiveCfg = Release|Any CPU
		{83C7ACAD-4792-46A5-88EE-C1D3575E7E32}.Release|Any CPU.Build.0 = Release|Any CPU
	EndGlobalSection
	GlobalSection(SolutionProperties) = preSolution
		HideSolutionNode = FALSE
	EndGlobalSection
	GlobalSection(ExtensibilityGlobals) = postSolution
		SolutionGuid = {EED24F91-F5D4-4CAF-8E00-BE4E9CFAA91F}
	EndGlobalSection
EndGlobal
